{
  "name": "p5deeplearn",
  "version": "1.0.0",
  "lockfileVersion": 1,
  "requires": true,
  "dependencies": {
    "deeplearn": {
      "version": "0.2.4",
      "resolved": "https://registry.npmjs.org/deeplearn/-/deeplearn-0.2.4.tgz",
      "integrity": "sha512-Zm6Aq1XxPUF87j1s5zESCPIsjsWilfFKDBzxbVa1xUJClnxCAHPnxg3XVRJueRTnhGcgc4wiyhiUDULqobmTlQ=="
    }
  }
}
